# This file is automatically @generated by Cargo.
# It is not intended for manual editing.
version = 4

[[package]]
name = "app"
version = "0.1.0"
dependencies = [
 "chains",
 "proc-mw",
]

[[package]]
name = "chains"
version = "0.1.0"
dependencies = [
 "proc-mw",
]

[[package]]
name = "proc-mw"
version = "0.1.0"
