# This file is automatically @generated by Cargo.
# It is not intended for manual editing.
version = 4

[[package]]
name = "app_data"
version = "0.1.0"
dependencies = [
 "mw_data",
]

[[package]]
name = "app_generic"
version = "0.1.0"
dependencies = [
 "mw_generic",
]

[[package]]
name = "mw_data"
version = "0.1.0"

[[package]]
name = "mw_generic"
version = "0.1.0"
